
Microsoft Visual Studio Solution File, Format Version 12.00
# Visual Studio Version 16
VisualStudioVersion = 16.0.30717.126
MinimumVisualStudioVersion = 10.0.40219.1
Project("{FAE04EC0-301F-11D3-BF4B-00C04F79EFBC}") = "OnOffPCService", "OnOffPCService\OnOffPCService.csproj", "{CA95B0B5-3B97-43CE-96AD-699C2FA450EB}"
EndProject
Project("{FAE04EC0-301F-11D3-BF4B-00C04F79EFBC}") = "Test", "Test\Test.csproj", "{7DFBCB45-8322-49A8-BCB2-4029A4E63015}"
EndProject
Global
	GlobalSection(SolutionConfigurationPlatforms) = preSolution
		Debug|Any CPU = Debug|Any CPU
		Release|Any CPU = Release|Any CPU
	EndGlobalSection
	GlobalSection(ProjectConfigurationPlatforms) = postSolution
		{CA95B0B5-3B97-43CE-96AD-699C2FA450EB}.Debug|Any CPU.ActiveCfg = Debug|Any CPU
		{CA95B0B5-3B97-43CE-96AD-699C2FA450EB}.Debug|Any CPU.Build.0 = Debug|Any CPU
		{CA95B0B5-3B97-43CE-96AD-699C2FA450EB}.Release|Any CPU.ActiveCfg = Release|Any CPU
		{CA95B0B5-3B97-43CE-96AD-699C2FA450EB}.Release|Any CPU.Build.0 = Release|Any CPU
		{7DFBCB45-8322-49A8-BCB2-4029A4E63015}.Debug|Any CPU.ActiveCfg = Debug|Any CPU
		{7DFBCB45-8322-49A8-BCB2-4029A4E63015}.Debug|Any CPU.Build.0 = Debug|Any CPU
		{7DFBCB45-8322-49A8-BCB2-4029A4E63015}.Release|Any CPU.ActiveCfg = Release|Any CPU
		{7DFBCB45-8322-49A8-BCB2-4029A4E63015}.Release|Any CPU.Build.0 = Release|Any CPU
	EndGlobalSection
	GlobalSection(SolutionProperties) = preSolution
		HideSolutionNode = FALSE
	EndGlobalSection
	GlobalSection(ExtensibilityGlobals) = postSolution
		SolutionGuid = {82F73407-D311-44E0-ADB8-561DD98D0E62}
	EndGlobalSection
EndGlobal
